hash: 545d2c65a508a53f03852e42e92934048c9e49c4fec25de88b2b98c03a8927d8
updated: 2018-02-04T00:35:47.523532389-06:00
imports:
- name: github.com/aws/aws-sdk-go
  version: 9ed0c8de252f04ac45a65358377103d5a1aa2d92
  subpackages:
  - aws
  - aws/awserr
  - aws/awsutil
  - aws/client
  - aws/client/metadata
  - aws/corehandlers
  - aws/credentials
  - aws/credentials/ec2rolecreds
  - aws/credentials/endpointcreds
  - aws/credentials/stscreds
  - aws/defaults
  - aws/ec2metadata
  - aws/endpoints
  - aws/request
  - aws/session
  - aws/signer/v4
  - internal/shareddefaults
  - private/protocol
  - private/protocol/query
  - private/protocol/query/queryutil
  - private/protocol/rest
  - private/protocol/xml/xmlutil
  - service/sts
- name: github.com/go-ini/ini
  version: c437d20015c2ab6454b7a66a13109ff0fb99e17a
- name: github.com/jmespath/go-jmespath
  version: 0b12d6b521d83fc7f755e7cfc1b1fbdd35a01a74
- name: github.com/kr/pty
  version: 282ce0e5322c82529687d609ee670fac7c7d917c
- name: github.com/moby/moby
  version: 6e5c2d639f67ae70f54d9f2285f3261440b074aa
  subpackages:
  - client
testImports: []
