github.com/AkihiroSuda/go-netfilter-queue v0.0.0-20180121122701-ca2804491d55/go.mod h1:YGzQlV4fMhuLJYPiDSghqTdbISzAZT9O3ficmZsWJu4=
github.com/Microsoft/go-winio v0.4.7/go.mod h1:VhR8bwka0BXejwEJY73c50VrPtXAaKcyvVC4A4RozmA=
github.com/RyanJarv/dockersnitch v0.0.0-20180312235415-284ac3a29ae8 h1:WXyYam1+Oogm28ACWodaNNS8UT0hOg3YePFHdDr4W2M=
github.com/RyanJarv/dockersnitch v0.0.0-20180312235415-284ac3a29ae8/go.mod h1:UANiaoGDXdD70Fvf7AQmIMgpzO7MRwJ5vRe6h+pkbxU=
github.com/RyanJarv/dockersnitch v0.0.0-20190918011547-02055e75f9fc h1:q4zE2NVccpDiDa5el8MC+60ZHL8beW9SVwSlyNtac+M=
github.com/RyanJarv/dockersnitch v0.0.0-20190918011547-02055e75f9fc/go.mod h1:BY+uofIdEFKNXXxYRjaEtmOa6zYvNE2/GTYUslIPfhU=
github.com/Sirupsen/logrus v1.0.5 h1:447dy9LxSj+Iaa2uN3yoFHOzU9yJcJYiQPtNz8OXtv0=
github.com/Sirupsen/logrus v1.0.5/go.mod h1:rmk17hk6i8ZSAJkSDa7nOxamrG+SP4P0mm+DAvExv4U=
github.com/aws/aws-sdk-go v1.12.66 h1:CEkNJTon+Uii4VHlK/SbTrgvfyM18FXEhBeV4A9EgOc=
github.com/aws/aws-sdk-go v1.12.66/go.mod h1:ZRmQr0FajVIyZ4ZzBYKG5P3ZqPz9IHG41ZoMu1ADI3k=
github.com/chzyer/logex v1.1.10 h1:Swpa1K6QvQznwJRcfTfQJmTE72DqScAa40E+fbHEXEE=
github.com/chzyer/logex v1.1.10/go.mod h1:+Ywpsq7O8HXn0nuIou7OrIPyXbp3wmkHB+jjWRnGsAI=
github.com/chzyer/readline v0.0.0-20171208011716-f6d7a1f6fbf3 h1:T7Bw4H6z3WAZ2khw+gfKdYmbKHyy5xiHtk9IHfZqm7g=
github.com/chzyer/readline v0.0.0-20171208011716-f6d7a1f6fbf3/go.mod h1:nSuG5e5PlCu98SY8svDHJxuZscDgtXS6KTTbou5AhLI=
github.com/chzyer/test v0.0.0-20180213035817-a1ea475d72b1 h1:q763qf9huN11kDQavWsoZXJNW3xEE4JJyHa5Q25/sd8=
github.com/chzyer/test v0.0.0-20180213035817-a1ea475d72b1/go.mod h1:Q3SI9o4m/ZMnBNeIyt5eFwwo7qiLfzFZmjNmxjkiQlU=
github.com/coreos/go-iptables v0.3.0/go.mod h1:/mVI274lEDI2ns62jHCDnCyBF9Iwsmekav8Dbxlm1MU=
github.com/coreos/go-semver v0.2.0/go.mod h1:nnelYz7RCh+5ahJtPPxZlU+153eP4D4r3EedlOD2RNk=
github.com/davecgh/go-spew v1.1.0 h1:ZDRjVQ15GmhC3fiQ8ni8+OwkZQO4DARzQgrnXU1Liz8=
github.com/davecgh/go-spew v1.1.0/go.mod h1:J7Y8YcW2NihsgmVo/mv3lAwl/skON4iLHjSsI+c5H38=
github.com/docker/distribution v2.6.0-rc.1.0.20180203002934-fea8bd511433+incompatible h1:hdeV19qkwz/5gHQ9UB3VuYylRLIpkL85Iltp7wkeFQY=
github.com/docker/distribution v2.6.0-rc.1.0.20180203002934-fea8bd511433+incompatible/go.mod h1:J2gT2udsDAN96Uj4KfcMRqY0/ypR+oyYUYmja8H+y+w=
github.com/docker/docker v1.4.2-0.20170502054910-90d35abf7b35 h1:/C46Ovt6t+BTjgMe2c6K1sOJYyxGR2TY/uOP6zzO09M=
github.com/docker/docker v1.4.2-0.20170502054910-90d35abf7b35/go.mod h1:eEKB0N0r5NX/I1kEveEz05bcu8tLC/8azJZsviup8Sk=
github.com/docker/go-connections v0.3.0 h1:3lOnM9cSzgGwx8VfK/NGOW5fLQ0GjIlCkaktF+n1M6o=
github.com/docker/go-connections v0.3.0/go.mod h1:Gbd7IOopHjR8Iph03tsViu4nIes5XhDvyHbTtUxmeec=
github.com/docker/go-units v0.3.3-0.20171221200356-d59758554a3d h1:dVaNRYvaGV23AdNdsm+4y1mPN0tj3/1v6taqKMmM6Ko=
github.com/docker/go-units v0.3.3-0.20171221200356-d59758554a3d/go.mod h1:fgPhTUdO+D/Jk86RDLlptpiXQzgHJF7gydDDbaIK4Dk=
github.com/docker/libtrust v0.0.0-20160708172513-aabc10ec26b7 h1:UhxFibDNY/bfvqU5CAUmr9zpesgbU6SWc8/B4mflAE4=
github.com/docker/libtrust v0.0.0-20160708172513-aabc10ec26b7/go.mod h1:cyGadeNEkKy96OOhEzfZl+yxihPEzKnqJwvfuSUqbZE=
github.com/go-ini/ini v1.25.3-0.20170223222215-c437d20015c2 h1:fQTW7Ld5mxOCS6aa1a3ncoq0uPA09+p+c/cYil0KI/E=
github.com/go-ini/ini v1.25.3-0.20170223222215-c437d20015c2/go.mod h1:ByCAeIL28uOIIG0E3PJtZPDL8WnHpFKFOtgjp+3Ies8=
github.com/google/gopacket v1.1.14/go.mod h1:UCLx9mCmAwsVbn6qQl1WIEt2SO7Nd2fD0th1TBAsqBw=
github.com/hanwen/go-fuse v0.0.0-20170609101909-5690be47d614 h1:757rta3DGvtCMtsI72I+5GHPTCTqcubSyR3g/Yan1dM=
github.com/hanwen/go-fuse v0.0.0-20170609101909-5690be47d614/go.mod h1:4ZJ05v9yt5k/mcFkGvSPKJB5T8G/6nuumL63ZqlrPvI=
github.com/janeczku/go-ipset v0.1.0/go.mod h1:ODSf7OwsjH7j/RXRA+s88JB6PMMBe9U/uZE3OJVA5bM=
github.com/jmespath/go-jmespath v0.0.0-20160202185014-0b12d6b521d8 h1:12VvqtR6Aowv3l/EQUlocDHW2Cp4G9WJVH7uyH8QFJE=
github.com/jmespath/go-jmespath v0.0.0-20160202185014-0b12d6b521d8/go.mod h1:Nht3zPeWKUH0NzdCt2Blrr5ys8VGpn0CEB0cQHVjt7k=
github.com/kr/pty v1.1.1 h1:VkoXIwSboBpnk99O/KFauAEILuNHv5DVFKZMBN/gUgw=
github.com/kr/pty v1.1.1/go.mod h1:pFQYn66WHrOpPYNljwOMqo10TkYh1fy3cYio2l3bCsQ=
github.com/opencontainers/go-digest v1.0.0-rc1 h1:WzifXhOVOEOuFYOJAW6aQqW0TooG2iki3E3Ii+WN7gQ=
github.com/opencontainers/go-digest v1.0.0-rc1/go.mod h1:cMLVZDEM3+U2I4VmLI6N8jQYUd2OVphdqWwCJHrFt2s=
github.com/pkg/errors v0.8.1-0.20180127015812-30136e27e2ac h1:rgnLNKoftJ8uXF4TZoSr7Ik9jeW2E5fztPrAvJoyuAA=
github.com/pkg/errors v0.8.1-0.20180127015812-30136e27e2ac/go.mod h1:bwawxfHBFNV+L2hUp1rHADufV3IMtnDRdf1r5NINEl0=
github.com/pmezard/go-difflib v1.0.0 h1:4DBwDE0NGyQoBHbLQYPwSUPoCMWR5BEzIk/f1lZbAQM=
github.com/pmezard/go-difflib v1.0.0/go.mod h1:iKH77koFhYxTK1pcRnkKkqfTogsbg7gZNVY4sRDYZ/4=
github.com/stretchr/objx v0.1.0 h1:4G4v2dO3VZwixGIRoQ5Lfboy6nUhCyYzaqnIAPPhYs4=
github.com/stretchr/objx v0.1.0/go.mod h1:HFkY916IF+rwdDfMAkV7OtwuqBVzrE8GR6GFx+wExME=
github.com/stretchr/testify v1.4.0 h1:2E4SXV/wtOkTonXsotYi4li6zVWxYlZuYNCXe9XRJyk=
github.com/stretchr/testify v1.4.0/go.mod h1:j7eGeouHqKxXV5pUuKE4zz7dFj8WfuZ+81PSLYec5m4=
github.com/vishvananda/netns v0.0.0-20171111001504-be1fbeda1936/go.mod h1:ZjcWmFBXmLKZu9Nxj3WKYEafiSqer2rnvPr0en9UNpI=
golang.org/x/crypto v0.0.0-20180308185624-c7dcf104e3a7/go.mod h1:6SG95UA2DQfeDnfUPMdvaQW0Q7yPrPDi9nlGo2tz2b4=
golang.org/x/crypto v0.0.0-20180313195238-c4a91bd4f524 h1:26YqzkAAerAzIuHphFhhu42CUlZGEZMaXyoez4gmQ7E=
golang.org/x/crypto v0.0.0-20180313195238-c4a91bd4f524/go.mod h1:6SG95UA2DQfeDnfUPMdvaQW0Q7yPrPDi9nlGo2tz2b4=
golang.org/x/net v0.0.0-20170828231752-66aacef3dd8a h1:DZGc/od29xzgmdBTGZL3zqLaoHS0O+qdIEYJNkOxDKM=
golang.org/x/net v0.0.0-20170828231752-66aacef3dd8a/go.mod h1:mL1N/T3taQHkDXs73rZJwtUhF3w3ftmwwsq0BUmARs4=
golang.org/x/sys v0.0.0-20170908132636-5513e650ab47 h1:aldL3R2K005yKkxCpPQ1n9wSP9B+CtegTypbqhyOdxE=
golang.org/x/sys v0.0.0-20170908132636-5513e650ab47/go.mod h1:STP8DvDyc/dI5b8T5hshtkjS+E42TnysNCUPdjciGhY=
gopkg.in/check.v1 v0.0.0-20161208181325-20d25e280405/go.mod h1:Co6ibVJAznAaIkqp8huTwlJQCZ016jof/cbN4VW5Yz0=
gopkg.in/yaml.v2 v2.2.2 h1:ZCJp+EgiOT7lHqUV2J862kp8Qj64Jo6az82+3Td9dZw=
gopkg.in/yaml.v2 v2.2.2/go.mod h1:hI93XBmqTisBFMUTm0b8Fm+jr3Dg1NNxqwp+5A1VGuI=
